
Microsoft Visual Studio Solution File, Format Version 12.00
# Visual Studio Version 17
VisualStudioVersion = 17.3.32922.545
MinimumVisualStudioVersion = 10.0.40219.1
Project("{9A19103F-16F7-4668-BE54-9A1E7A4F7556}") = "Ex03.GarageLogic", "Ex03.GarageLogic\Ex03.GarageLogic.csproj", "{17004515-8753-4124-9D6B-68290B540D97}"
EndProject
Project("{FAE04EC0-301F-11D3-BF4B-00C04F79EFBC}") = "Ex03.ConsoleUI", "Ex03.ConsoleUI\Ex03.ConsoleUI.csproj", "{9850E08E-ECF5-411D-93AE-5D8A0A468333}"
EndProject
Global
	GlobalSection(SolutionConfigurationPlatforms) = preSolution
		Debug|Any CPU = Debug|Any CPU
		Release|Any CPU = Release|Any CPU
	EndGlobalSection
	GlobalSection(ProjectConfigurationPlatforms) = postSolution
		{17004515-8753-4124-9D6B-68290B540D97}.Debug|Any CPU.ActiveCfg = Debug|Any CPU
		{17004515-8753-4124-9D6B-68290B540D97}.Debug|Any CPU.Build.0 = Debug|Any CPU
		{17004515-8753-4124-9D6B-68290B540D97}.Release|Any CPU.ActiveCfg = Release|Any CPU
		{17004515-8753-4124-9D6B-68290B540D97}.Release|Any CPU.Build.0 = Release|Any CPU
		{9850E08E-ECF5-411D-93AE-5D8A0A468333}.Debug|Any CPU.ActiveCfg = Debug|Any CPU
		{9850E08E-ECF5-411D-93AE-5D8A0A468333}.Debug|Any CPU.Build.0 = Debug|Any CPU
		{9850E08E-ECF5-411D-93AE-5D8A0A468333}.Release|Any CPU.ActiveCfg = Release|Any CPU
		{9850E08E-ECF5-411D-93AE-5D8A0A468333}.Release|Any CPU.Build.0 = Release|Any CPU
	EndGlobalSection
	GlobalSection(SolutionProperties) = preSolution
		HideSolutionNode = FALSE
	EndGlobalSection
	GlobalSection(ExtensibilityGlobals) = postSolution
		SolutionGuid = {23BBF5CB-497A-4D44-BE2B-CF792B5B9730}
	EndGlobalSection
EndGlobal
